
Microsoft Visual Studio Solution File, Format Version 12.00
# Visual Studio Version 16
VisualStudioVersion = 16.0.810.25
MinimumVisualStudioVersion = 10.0.40219.1
Project("{FAE04EC0-301F-11D3-BF4B-00C04F79EFBC}") = "CarServiceScheduler", "CarServiceScheduler\CarServiceScheduler.csproj", "{97705D5B-F117-41F6-89D1-FDB5E11DFAD3}"
EndProject
Global
	GlobalSection(SolutionConfigurationPlatforms) = preSolution
		Debug|Any CPU = Debug|Any CPU
		Release|Any CPU = Release|Any CPU
	EndGlobalSection
	GlobalSection(ProjectConfigurationPlatforms) = postSolution
		{97705D5B-F117-41F6-89D1-FDB5E11DFAD3}.Debug|Any CPU.ActiveCfg = Debug|Any CPU
		{97705D5B-F117-41F6-89D1-FDB5E11DFAD3}.Debug|Any CPU.Build.0 = Debug|Any CPU
		{97705D5B-F117-41F6-89D1-FDB5E11DFAD3}.Release|Any CPU.ActiveCfg = Release|Any CPU
		{97705D5B-F117-41F6-89D1-FDB5E11DFAD3}.Release|Any CPU.Build.0 = Release|Any CPU
	EndGlobalSection
	GlobalSection(SolutionProperties) = preSolution
		HideSolutionNode = FALSE
	EndGlobalSection
	GlobalSection(ExtensibilityGlobals) = postSolution
		SolutionGuid = {26A086B3-732F-4FBC-86CE-27383AE628C4}
	EndGlobalSection
EndGlobal
